
Microsoft Visual Studio Solution File, Format Version 12.00
# Visual Studio Version 16
VisualStudioVersion = 16.0.29306.81
MinimumVisualStudioVersion = 10.0.40219.1
Project("{FAE04EC0-301F-11D3-BF4B-00C04F79EFBC}") = "LongArythmetic", "LongArythmetic\LongArythmetic.csproj", "{3D8289C1-8250-4ED3-A42C-61BD3D335B08}"
EndProject
Project("{FAE04EC0-301F-11D3-BF4B-00C04F79EFBC}") = "LongNumerics", "LongNumerics\LongNumerics.csproj", "{9A16AFC3-4D13-428A-A001-678B2007586F}"
EndProject
Global
	GlobalSection(SolutionConfigurationPlatforms) = preSolution
		Debug|Any CPU = Debug|Any CPU
		Release|Any CPU = Release|Any CPU
	EndGlobalSection
	GlobalSection(ProjectConfigurationPlatforms) = postSolution
		{3D8289C1-8250-4ED3-A42C-61BD3D335B08}.Debug|Any CPU.ActiveCfg = Debug|Any CPU
		{3D8289C1-8250-4ED3-A42C-61BD3D335B08}.Debug|Any CPU.Build.0 = Debug|Any CPU
		{3D8289C1-8250-4ED3-A42C-61BD3D335B08}.Release|Any CPU.ActiveCfg = Release|Any CPU
		{3D8289C1-8250-4ED3-A42C-61BD3D335B08}.Release|Any CPU.Build.0 = Release|Any CPU
		{9A16AFC3-4D13-428A-A001-678B2007586F}.Debug|Any CPU.ActiveCfg = Debug|Any CPU
		{9A16AFC3-4D13-428A-A001-678B2007586F}.Debug|Any CPU.Build.0 = Debug|Any CPU
		{9A16AFC3-4D13-428A-A001-678B2007586F}.Release|Any CPU.ActiveCfg = Release|Any CPU
		{9A16AFC3-4D13-428A-A001-678B2007586F}.Release|Any CPU.Build.0 = Release|Any CPU
	EndGlobalSection
	GlobalSection(SolutionProperties) = preSolution
		HideSolutionNode = FALSE
	EndGlobalSection
	GlobalSection(ExtensibilityGlobals) = postSolution
		SolutionGuid = {B23BFEBC-1A98-4D55-AEB7-20C50FF35DA0}
	EndGlobalSection
EndGlobal
